
Microsoft Visual Studio Solution File, Format Version 12.00
# Visual Studio Version 17
VisualStudioVersion = 17.0.31903.59
MinimumVisualStudioVersion = 10.0.40219.1
Project("{2150E333-8FDC-42A3-9474-1A3956D46DE8}") = "src", "src", "{827E0CD3-B72D-47B6-A68D-7590B98EB39B}"
EndProject
Project("{FAE04EC0-301F-11D3-BF4B-00C04F79EFBC}") = "MassageSaas.Api", "src\MassageSaas.Api\MassageSaas.Api.csproj", "{0B8F3904-1B51-447C-B2FB-AB70F1365D71}"
EndProject
Project("{FAE04EC0-301F-11D3-BF4B-00C04F79EFBC}") = "MassageSaas.Application", "src\MassageSaas.Application\MassageSaas.Application.csproj", "{EB2E1AB4-E139-4394-9591-87AD3B5D07E8}"
EndProject
Project("{FAE04EC0-301F-11D3-BF4B-00C04F79EFBC}") = "MassageSaas.Domain", "src\MassageSaas.Domain\MassageSaas.Domain.csproj", "{DDD5076B-079E-4C44-A7E9-24EA9B53D445}"
EndProject
Project("{FAE04EC0-301F-11D3-BF4B-00C04F79EFBC}") = "MassageSaas.Infrastructure", "src\MassageSaas.Infrastructure\MassageSaas.Infrastructure.csproj", "{1275E2CD-74E5-44A8-8E9B-890838F40AE1}"
EndProject
Project("{FAE04EC0-301F-11D3-BF4B-00C04F79EFBC}") = "MassageSaas.Shared", "src\MassageSaas.Shared\MassageSaas.Shared.csproj", "{659A6765-9BE6-4880-AFD8-8372703CE248}"
EndProject
Project("{FAE04EC0-301F-11D3-BF4B-00C04F79EFBC}") = "MassageSaas.Cs", "src\MassageSaas.Cs\MassageSaas.Cs.csproj", "{3C1BD3A1-8CE3-411A-8A7B-7A5E7082343F}"
EndProject
Project("{FAE04EC0-301F-11D3-BF4B-00C04F79EFBC}") = "MassageSaas.UnitTests", "tests\MassageSaas.UnitTests\MassageSaas.UnitTests.csproj", "{AAB8759C-6177-429A-981A-3217248C7A31}"
EndProject
Project("{FAE04EC0-301F-11D3-BF4B-00C04F79EFBC}") = "MassageSaas.IntegrationTests", "tests\MassageSaas.IntegrationTests\MassageSaas.IntegrationTests.csproj", "{BB557D48-6E98-4193-8F22-49D48DA38C9E}"
EndProject
Global
	GlobalSection(SolutionConfigurationPlatforms) = preSolution
		Debug|Any CPU = Debug|Any CPU
		Debug|x64 = Debug|x64
		Debug|x86 = Debug|x86
		Release|Any CPU = Release|Any CPU
		Release|x64 = Release|x64
		Release|x86 = Release|x86
	EndGlobalSection
	GlobalSection(ProjectConfigurationPlatforms) = postSolution
		{0B8F3904-1B51-447C-B2FB-AB70F1365D71}.Debug|Any CPU.ActiveCfg = Debug|Any CPU
		{0B8F3904-1B51-447C-B2FB-AB70F1365D71}.Debug|Any CPU.Build.0 = Debug|Any CPU
		{0B8F3904-1B51-447C-B2FB-AB70F1365D71}.Debug|x64.ActiveCfg = Debug|Any CPU
		{0B8F3904-1B51-447C-B2FB-AB70F1365D71}.Debug|x64.Build.0 = Debug|Any CPU
		{0B8F3904-1B51-447C-B2FB-AB70F1365D71}.Debug|x86.ActiveCfg = Debug|Any CPU
		{0B8F3904-1B51-447C-B2FB-AB70F1365D71}.Debug|x86.Build.0 = Debug|Any CPU
		{0B8F3904-1B51-447C-B2FB-AB70F1365D71}.Release|Any CPU.ActiveCfg = Release|Any CPU
		{0B8F3904-1B51-447C-B2FB-AB70F1365D71}.Release|Any CPU.Build.0 = Release|Any CPU
		{0B8F3904-1B51-447C-B2FB-AB70F1365D71}.Release|x64.ActiveCfg = Release|Any CPU
		{0B8F3904-1B51-447C-B2FB-AB70F1365D71}.Release|x64.Build.0 = Release|Any CPU
		{0B8F3904-1B51-447C-B2FB-AB70F1365D71}.Release|x86.ActiveCfg = Release|Any CPU
		{0B8F3904-1B51-447C-B2FB-AB70F1365D71}.Release|x86.Build.0 = Release|Any CPU
		{EB2E1AB4-E139-4394-9591-87AD3B5D07E8}.Debug|Any CPU.ActiveCfg = Debug|Any CPU
		{EB2E1AB4-E139-4394-9591-87AD3B5D07E8}.Debug|Any CPU.Build.0 = Debug|Any CPU
		{EB2E1AB4-E139-4394-9591-87AD3B5D07E8}.Debug|x64.ActiveCfg = Debug|Any CPU
		{EB2E1AB4-E139-4394-9591-87AD3B5D07E8}.Debug|x64.Build.0 = Debug|Any CPU
		{EB2E1AB4-E139-4394-9591-87AD3B5D07E8}.Debug|x86.ActiveCfg = Debug|Any CPU
		{EB2E1AB4-E139-4394-9591-87AD3B5D07E8}.Debug|x86.Build.0 = Debug|Any CPU
		{EB2E1AB4-E139-4394-9591-87AD3B5D07E8}.Release|Any CPU.ActiveCfg = Release|Any CPU
		{EB2E1AB4-E139-4394-9591-87AD3B5D07E8}.Release|Any CPU.Build.0 = Release|Any CPU
		{EB2E1AB4-E139-4394-9591-87AD3B5D07E8}.Release|x64.ActiveCfg = Release|Any CPU
		{EB2E1AB4-E139-4394-9591-87AD3B5D07E8}.Release|x64.Build.0 = Release|Any CPU
		{EB2E1AB4-E139-4394-9591-87AD3B5D07E8}.Release|x86.ActiveCfg = Release|Any CPU
		{EB2E1AB4-E139-4394-9591-87AD3B5D07E8}.Release|x86.Build.0 = Release|Any CPU
		{DDD5076B-079E-4C44-A7E9-24EA9B53D445}.Debug|Any CPU.ActiveCfg = Debug|Any CPU
		{DDD5076B-079E-4C44-A7E9-24EA9B53D445}.Debug|Any CPU.Build.0 = Debug|Any CPU
		{DDD5076B-079E-4C44-A7E9-24EA9B53D445}.Debug|x64.ActiveCfg = Debug|Any CPU
		{DDD5076B-079E-4C44-A7E9-24EA9B53D445}.Debug|x64.Build.0 = Debug|Any CPU
		{DDD5076B-079E-4C44-A7E9-24EA9B53D445}.Debug|x86.ActiveCfg = Debug|Any CPU
		{DDD5076B-079E-4C44-A7E9-24EA9B53D445}.Debug|x86.Build.0 = Debug|Any CPU
		{DDD5076B-079E-4C44-A7E9-24EA9B53D445}.Release|Any CPU.ActiveCfg = Release|Any CPU
		{DDD5076B-079E-4C44-A7E9-24EA9B53D445}.Release|Any CPU.Build.0 = Release|Any CPU
		{DDD5076B-079E-4C44-A7E9-24EA9B53D445}.Release|x64.ActiveCfg = Release|Any CPU
		{DDD5076B-079E-4C44-A7E9-24EA9B53D445}.Release|x64.Build.0 = Release|Any CPU
		{DDD5076B-079E-4C44-A7E9-24EA9B53D445}.Release|x86.ActiveCfg = Release|Any CPU
		{DDD5076B-079E-4C44-A7E9-24EA9B53D445}.Release|x86.Build.0 = Release|Any CPU
		{1275E2CD-74E5-44A8-8E9B-890838F40AE1}.Debug|Any CPU.ActiveCfg = Debug|Any CPU
		{1275E2CD-74E5-44A8-8E9B-890838F40AE1}.Debug|Any CPU.Build.0 = Debug|Any CPU
		{1275E2CD-74E5-44A8-8E9B-890838F40AE1}.Debug|x64.ActiveCfg = Debug|Any CPU
		{1275E2CD-74E5-44A8-8E9B-890838F40AE1}.Debug|x64.Build.0 = Debug|Any CPU
		{1275E2CD-74E5-44A8-8E9B-890838F40AE1}.Debug|x86.ActiveCfg = Debug|Any CPU
		{1275E2CD-74E5-44A8-8E9B-890838F40AE1}.Debug|x86.Build.0 = Debug|Any CPU
		{1275E2CD-74E5-44A8-8E9B-890838F40AE1}.Release|Any CPU.ActiveCfg = Release|Any CPU
		{1275E2CD-74E5-44A8-8E9B-890838F40AE1}.Release|Any CPU.Build.0 = Release|Any CPU
		{1275E2CD-74E5-44A8-8E9B-890838F40AE1}.Release|x64.ActiveCfg = Release|Any CPU
		{1275E2CD-74E5-44A8-8E9B-890838F40AE1}.Release|x64.Build.0 = Release|Any CPU
		{1275E2CD-74E5-44A8-8E9B-890838F40AE1}.Release|x86.ActiveCfg = Release|Any CPU
		{1275E2CD-74E5-44A8-8E9B-890838F40AE1}.Release|x86.Build.0 = Release|Any CPU
		{659A6765-9BE6-4880-AFD8-8372703CE248}.Debug|Any CPU.ActiveCfg = Debug|Any CPU
		{659A6765-9BE6-4880-AFD8-8372703CE248}.Debug|Any CPU.Build.0 = Debug|Any CPU
		{659A6765-9BE6-4880-AFD8-8372703CE248}.Debug|x64.ActiveCfg = Debug|Any CPU
		{659A6765-9BE6-4880-AFD8-8372703CE248}.Debug|x64.Build.0 = Debug|Any CPU
		{659A6765-9BE6-4880-AFD8-8372703CE248}.Debug|x86.ActiveCfg = Debug|Any CPU
		{659A6765-9BE6-4880-AFD8-8372703CE248}.Debug|x86.Build.0 = Debug|Any CPU
		{659A6765-9BE6-4880-AFD8-8372703CE248}.Release|Any CPU.ActiveCfg = Release|Any CPU
		{659A6765-9BE6-4880-AFD8-8372703CE248}.Release|Any CPU.Build.0 = Release|Any CPU
		{659A6765-9BE6-4880-AFD8-8372703CE248}.Release|x64.ActiveCfg = Release|Any CPU
		{659A6765-9BE6-4880-AFD8-8372703CE248}.Release|x64.Build.0 = Release|Any CPU
		{659A6765-9BE6-4880-AFD8-8372703CE248}.Release|x86.ActiveCfg = Release|Any CPU
		{659A6765-9BE6-4880-AFD8-8372703CE248}.Release|x86.Build.0 = Release|Any CPU
		{3C1BD3A1-8CE3-411A-8A7B-7A5E7082343F}.Debug|Any CPU.ActiveCfg = Debug|Any CPU
		{3C1BD3A1-8CE3-411A-8A7B-7A5E7082343F}.Debug|Any CPU.Build.0 = Debug|Any CPU
		{3C1BD3A1-8CE3-411A-8A7B-7A5E7082343F}.Debug|x64.ActiveCfg = Debug|Any CPU
		{3C1BD3A1-8CE3-411A-8A7B-7A5E7082343F}.Debug|x64.Build.0 = Debug|Any CPU
		{3C1BD3A1-8CE3-411A-8A7B-7A5E7082343F}.Debug|x86.ActiveCfg = Debug|Any CPU
		{3C1BD3A1-8CE3-411A-8A7B-7A5E7082343F}.Debug|x86.Build.0 = Debug|Any CPU
		{3C1BD3A1-8CE3-411A-8A7B-7A5E7082343F}.Release|Any CPU.ActiveCfg = Release|Any CPU
		{3C1BD3A1-8CE3-411A-8A7B-7A5E7082343F}.Release|Any CPU.Build.0 = Release|Any CPU
		{3C1BD3A1-8CE3-411A-8A7B-7A5E7082343F}.Release|x64.ActiveCfg = Release|Any CPU
		{3C1BD3A1-8CE3-411A-8A7B-7A5E7082343F}.Release|x64.Build.0 = Release|Any CPU
		{3C1BD3A1-8CE3-411A-8A7B-7A5E7082343F}.Release|x86.ActiveCfg = Release|Any CPU
		{3C1BD3A1-8CE3-411A-8A7B-7A5E7082343F}.Release|x86.Build.0 = Release|Any CPU
		{AAB8759C-6177-429A-981A-3217248C7A31}.Debug|Any CPU.ActiveCfg = Debug|Any CPU
		{AAB8759C-6177-429A-981A-3217248C7A31}.Debug|Any CPU.Build.0 = Debug|Any CPU
		{AAB8759C-6177-429A-981A-3217248C7A31}.Debug|x64.ActiveCfg = Debug|Any CPU
		{AAB8759C-6177-429A-981A-3217248C7A31}.Debug|x64.Build.0 = Debug|Any CPU
		{AAB8759C-6177-429A-981A-3217248C7A31}.Debug|x86.ActiveCfg = Debug|Any CPU
		{AAB8759C-6177-429A-981A-3217248C7A31}.Debug|x86.Build.0 = Debug|Any CPU
		{AAB8759C-6177-429A-981A-3217248C7A31}.Release|Any CPU.ActiveCfg = Release|Any CPU
		{AAB8759C-6177-429A-981A-3217248C7A31}.Release|Any CPU.Build.0 = Release|Any CPU
		{AAB8759C-6177-429A-981A-3217248C7A31}.Release|x64.ActiveCfg = Release|Any CPU
		{AAB8759C-6177-429A-981A-3217248C7A31}.Release|x64.Build.0 = Release|Any CPU
		{AAB8759C-6177-429A-981A-3217248C7A31}.Release|x86.ActiveCfg = Release|Any CPU
		{AAB8759C-6177-429A-981A-3217248C7A31}.Release|x86.Build.0 = Release|Any CPU
		{BB557D48-6E98-4193-8F22-49D48DA38C9E}.Debug|Any CPU.ActiveCfg = Debug|Any CPU
		{BB557D48-6E98-4193-8F22-49D48DA38C9E}.Debug|Any CPU.Build.0 = Debug|Any CPU
		{BB557D48-6E98-4193-8F22-49D48DA38C9E}.Debug|x64.ActiveCfg = Debug|Any CPU
		{BB557D48-6E98-4193-8F22-49D48DA38C9E}.Debug|x64.Build.0 = Debug|Any CPU
		{BB557D48-6E98-4193-8F22-49D48DA38C9E}.Debug|x86.ActiveCfg = Debug|Any CPU
		{BB557D48-6E98-4193-8F22-49D48DA38C9E}.Debug|x86.Build.0 = Debug|Any CPU
		{BB557D48-6E98-4193-8F22-49D48DA38C9E}.Release|Any CPU.ActiveCfg = Release|Any CPU
		{BB557D48-6E98-4193-8F22-49D48DA38C9E}.Release|Any CPU.Build.0 = Release|Any CPU
		{BB557D48-6E98-4193-8F22-49D48DA38C9E}.Release|x64.ActiveCfg = Release|Any CPU
		{BB557D48-6E98-4193-8F22-49D48DA38C9E}.Release|x64.Build.0 = Release|Any CPU
		{BB557D48-6E98-4193-8F22-49D48DA38C9E}.Release|x86.ActiveCfg = Release|Any CPU
		{BB557D48-6E98-4193-8F22-49D48DA38C9E}.Release|x86.Build.0 = Release|Any CPU
	EndGlobalSection
	GlobalSection(SolutionProperties) = preSolution
		HideSolutionNode = FALSE
	EndGlobalSection
	GlobalSection(NestedProjects) = preSolution
		{0B8F3904-1B51-447C-B2FB-AB70F1365D71} = {827E0CD3-B72D-47B6-A68D-7590B98EB39B}
		{EB2E1AB4-E139-4394-9591-87AD3B5D07E8} = {827E0CD3-B72D-47B6-A68D-7590B98EB39B}
		{DDD5076B-079E-4C44-A7E9-24EA9B53D445} = {827E0CD3-B72D-47B6-A68D-7590B98EB39B}
		{1275E2CD-74E5-44A8-8E9B-890838F40AE1} = {827E0CD3-B72D-47B6-A68D-7590B98EB39B}
		{659A6765-9BE6-4880-AFD8-8372703CE248} = {827E0CD3-B72D-47B6-A68D-7590B98EB39B}
		{3C1BD3A1-8CE3-411A-8A7B-7A5E7082343F} = {827E0CD3-B72D-47B6-A68D-7590B98EB39B}
		{AAB8759C-6177-429A-981A-3217248C7A31} = {827E0CD3-B72D-47B6-A68D-7590B98EB39B}
		{BB557D48-6E98-4193-8F22-49D48DA38C9E} = {827E0CD3-B72D-47B6-A68D-7590B98EB39B}
	EndGlobalSection
EndGlobal
